
Microsoft Visual Studio Solution File, Format Version 12.00
# Visual Studio Version 16
VisualStudioVersion = 16.0.30517.126
MinimumVisualStudioVersion = 10.0.40219.1
Project("{FAE04EC0-301F-11D3-BF4B-00C04F79EFBC}") = "log4net.Appender.Web", "log4net.Appender.Web\log4net.Appender.Web.csproj", "{9405986A-8B80-400A-820F-61C877E5FABB}"
EndProject
Project("{FAE04EC0-301F-11D3-BF4B-00C04F79EFBC}") = "log4net.Appender.Web.Helpers", "log4net.Appender.Web.Helpers\log4net.Appender.Web.Helpers.csproj", "{502993DD-7195-4DD1-A447-CA2A2713F7FD}"
EndProject
Project("{FAE04EC0-301F-11D3-BF4B-00C04F79EFBC}") = "log4net.Appender.Web.Models", "log4net.Appender.Web.Models\log4net.Appender.Web.Models.csproj", "{0713A678-2E9A-4ECD-BCEC-C33786A65C7B}"
EndProject
Project("{FAE04EC0-301F-11D3-BF4B-00C04F79EFBC}") = "log4net.Appender.Tests", "log4net.Appender.Tests\log4net.Appender.Tests.csproj", "{67CC85EB-A1C1-44AF-91C3-82D25DB2AA96}"
EndProject
Project("{FAE04EC0-301F-11D3-BF4B-00C04F79EFBC}") = "log4net.Appender.NugetCreator", "log4net.Appender.NugetCreator\log4net.Appender.NugetCreator.csproj", "{D7BDBB1C-DB3A-4EBC-A246-59B43B03AC1A}"
EndProject
Global
	GlobalSection(SolutionConfigurationPlatforms) = preSolution
		Debug|Any CPU = Debug|Any CPU
		Release|Any CPU = Release|Any CPU
	EndGlobalSection
	GlobalSection(ProjectConfigurationPlatforms) = postSolution
		{9405986A-8B80-400A-820F-61C877E5FABB}.Debug|Any CPU.ActiveCfg = Debug|Any CPU
		{9405986A-8B80-400A-820F-61C877E5FABB}.Debug|Any CPU.Build.0 = Debug|Any CPU
		{9405986A-8B80-400A-820F-61C877E5FABB}.Release|Any CPU.ActiveCfg = Release|Any CPU
		{9405986A-8B80-400A-820F-61C877E5FABB}.Release|Any CPU.Build.0 = Release|Any CPU
		{502993DD-7195-4DD1-A447-CA2A2713F7FD}.Debug|Any CPU.ActiveCfg = Debug|Any CPU
		{502993DD-7195-4DD1-A447-CA2A2713F7FD}.Debug|Any CPU.Build.0 = Debug|Any CPU
		{502993DD-7195-4DD1-A447-CA2A2713F7FD}.Release|Any CPU.ActiveCfg = Release|Any CPU
		{502993DD-7195-4DD1-A447-CA2A2713F7FD}.Release|Any CPU.Build.0 = Release|Any CPU
		{0713A678-2E9A-4ECD-BCEC-C33786A65C7B}.Debug|Any CPU.ActiveCfg = Debug|Any CPU
		{0713A678-2E9A-4ECD-BCEC-C33786A65C7B}.Debug|Any CPU.Build.0 = Debug|Any CPU
		{0713A678-2E9A-4ECD-BCEC-C33786A65C7B}.Release|Any CPU.ActiveCfg = Release|Any CPU
		{0713A678-2E9A-4ECD-BCEC-C33786A65C7B}.Release|Any CPU.Build.0 = Release|Any CPU
		{67CC85EB-A1C1-44AF-91C3-82D25DB2AA96}.Debug|Any CPU.ActiveCfg = Debug|Any CPU
		{67CC85EB-A1C1-44AF-91C3-82D25DB2AA96}.Debug|Any CPU.Build.0 = Debug|Any CPU
		{67CC85EB-A1C1-44AF-91C3-82D25DB2AA96}.Release|Any CPU.ActiveCfg = Release|Any CPU
		{67CC85EB-A1C1-44AF-91C3-82D25DB2AA96}.Release|Any CPU.Build.0 = Release|Any CPU
		{D7BDBB1C-DB3A-4EBC-A246-59B43B03AC1A}.Debug|Any CPU.ActiveCfg = Debug|Any CPU
		{D7BDBB1C-DB3A-4EBC-A246-59B43B03AC1A}.Debug|Any CPU.Build.0 = Debug|Any CPU
		{D7BDBB1C-DB3A-4EBC-A246-59B43B03AC1A}.Release|Any CPU.ActiveCfg = Release|Any CPU
		{D7BDBB1C-DB3A-4EBC-A246-59B43B03AC1A}.Release|Any CPU.Build.0 = Release|Any CPU
	EndGlobalSection
	GlobalSection(SolutionProperties) = preSolution
		HideSolutionNode = FALSE
	EndGlobalSection
	GlobalSection(ExtensibilityGlobals) = postSolution
		SolutionGuid = {B7DB4360-2846-4FCB-BAE6-DBEC0EAE3CCE}
	EndGlobalSection
EndGlobal
